PODS:
  - Action (3.3.0-alpha.1):
    - RxCocoa (~> 4.0.0-alpha.1)
    - RxSwift (~> 4.0.0-alpha.1)
  - Differentiator (3.0.0-rc.0)
  - NeoCoordinator (0.3.2)
  - Reusable (4.0.0):
    - Reusable/Storyboard (= 4.0.0)
    - Reusable/View (= 4.0.0)
  - Reusable/Storyboard (4.0.0)
  - Reusable/View (4.0.0)
  - RxCocoa (4.0.0-rc.0):
    - RxSwift (~> 4.0.0-rc.0)
  - RxCoordinator (0.3.2):
    - Action
    - NeoCoordinator (~> 0.3.2)
    - RxCocoa
    - RxSwift
  - RxDataSources (3.0.0-rc.0):
    - Differentiator (~> 3.0.0-rc.0)
    - RxCocoa (~> 4.0.0-rc.0)
    - RxSwift (~> 4.0.0-rc.0)
  - RxGesture (0.1.2):
    - RxCocoa
    - RxSwift
  - RxOptional (3.2.0):
    - RxCocoa
    - RxSwift
  - RxSwift (4.0.0-rc.0)
  - Swinject (2.1.1)
  - SwinjectAutoregistration (2.1.1):
    - Swinject (~> 2.1)
  - SwinjectStoryboard (1.1.2):
    - Swinject (~> 2.1)

DEPENDENCIES:
  - Action (from `https://github.com/RxSwiftCommunity/Action.git`, branch `master`)
  - NeoCoordinator
  - Reusable
  - RxCocoa (from `https://github.com/ReactiveX/RxSwift.git`, branch `rxswift4.0-swift4.0`)
  - RxCoordinator
  - RxDataSources (from `https://github.com/RxSwiftCommunity/RxDataSources.git`, branch `swift4.0`)
  - RxGesture
  - RxOptional
  - RxSwift (from `https://github.com/ReactiveX/RxSwift.git`, branch `rxswift4.0-swift4.0`)
  - Swinject
  - SwinjectAutoregistration
  - SwinjectStoryboard

EXTERNAL SOURCES:
  Action:
    :branch: master
    :git: https://github.com/RxSwiftCommunity/Action.git
  RxCocoa:
    :branch: rxswift4.0-swift4.0
    :git: https://github.com/ReactiveX/RxSwift.git
  RxDataSources:
    :branch: swift4.0
    :git: https://github.com/RxSwiftCommunity/RxDataSources.git
  RxSwift:
    :branch: rxswift4.0-swift4.0
    :git: https://github.com/ReactiveX/RxSwift.git

CHECKOUT OPTIONS:
  Action:
    :commit: 35130e4a4c4db0080679bddf84df0291f6c71a58
    :git: https://github.com/RxSwiftCommunity/Action.git
  RxCocoa:
    :commit: f20c35ab166a94e8049e48d9ed82c8cf65dba900
    :git: https://github.com/ReactiveX/RxSwift.git
  RxDataSources:
    :commit: bc0085272566b7ef45af1dee90d2c14395aa14fb
    :git: https://github.com/RxSwiftCommunity/RxDataSources.git
  RxSwift:
    :commit: f20c35ab166a94e8049e48d9ed82c8cf65dba900
    :git: https://github.com/ReactiveX/RxSwift.git

SPEC CHECKSUMS:
  Action: abad343221a84f1e1d127f88f450d3d62c7d96c3
  Differentiator: 1e7575c5613fc4e72659d9d2d0867ff5bc4dbac5
  NeoCoordinator: 9746f71cdfb9ce5c734b6d0c7b96498d4acfdc50
  Reusable: 98e5fff1e0e2e00872199699b276dde08ee56c07
  RxCocoa: 58841348f4c6e6f6cd244522c16a6b7df5008956
  RxCoordinator: e55ceac8e12864519dbaa615313ddcd60d16aaa2
  RxDataSources: 7ec7ea638328629297eeee107e7a0595bd03c5c6
  RxGesture: 5a5d7ee565fb24b1dbede801e7a98d4169ac5818
  RxOptional: d2d6a68064bc16b4801332c40663967f481b0234
  RxSwift: f0ff3c78e1f71a7d3506defde0b79c72fe39bac3
  Swinject: afea49fd95f392b41171669f165842879c48fad6
  SwinjectAutoregistration: d06b56bd8f912b9fb9c59c15181342558a734b1b
  SwinjectStoryboard: 92e75763c3299cdf627bef98a5180dc894864336

PODFILE CHECKSUM: 465525ced903aab6127653d03ba456a9a783946e

COCOAPODS: 1.3.1
